
Microsoft Visual Studio Solution File, Format Version 12.00
# Visual Studio Version 16
VisualStudioVersion = 16.0.31205.134
MinimumVisualStudioVersion = 10.0.40219.1
Project("{9A19103F-16F7-4668-BE54-9A1E7A4F7556}") = "ApplicationL", "..\ApplicationL\ApplicationL.csproj", "{86B47606-3277-4F56-88A6-48FC2D6F5322}"
EndProject
Project("{9A19103F-16F7-4668-BE54-9A1E7A4F7556}") = "DomainL", "..\DomainL\DomainL.csproj", "{D39B0439-B7FC-4A9D-9441-8DA5E56E76BD}"
EndProject
Project("{9A19103F-16F7-4668-BE54-9A1E7A4F7556}") = "GeoGhana", "GeoGhana.csproj", "{B925F16E-678C-4351-B37F-AF2089407197}"
EndProject
Project("{9A19103F-16F7-4668-BE54-9A1E7A4F7556}") = "InfrastructureL", "..\InfrastructureL\InfrastructureL.csproj", "{D13EE905-5676-4241-8B02-E2A84DE898ED}"
EndProject
Project("{2150E333-8FDC-42A3-9474-1A3956D46DE8}") = "Solution Items", "Solution Items", "{4B401317-B8F4-483D-A5D4-B87465297202}"
	ProjectSection(SolutionItems) = preProject
		..\ApplicationL\.editorconfig = ..\ApplicationL\.editorconfig
	EndProjectSection
EndProject
Global
	GlobalSection(SolutionConfigurationPlatforms) = preSolution
		Debug|Any CPU = Debug|Any CPU
		Release|Any CPU = Release|Any CPU
	EndGlobalSection
	GlobalSection(ProjectConfigurationPlatforms) = postSolution
		{86B47606-3277-4F56-88A6-48FC2D6F5322}.Debug|Any CPU.ActiveCfg = Debug|Any CPU
		{86B47606-3277-4F56-88A6-48FC2D6F5322}.Debug|Any CPU.Build.0 = Debug|Any CPU
		{86B47606-3277-4F56-88A6-48FC2D6F5322}.Release|Any CPU.ActiveCfg = Release|Any CPU
		{86B47606-3277-4F56-88A6-48FC2D6F5322}.Release|Any CPU.Build.0 = Release|Any CPU
		{D39B0439-B7FC-4A9D-9441-8DA5E56E76BD}.Debug|Any CPU.ActiveCfg = Debug|Any CPU
		{D39B0439-B7FC-4A9D-9441-8DA5E56E76BD}.Debug|Any CPU.Build.0 = Debug|Any CPU
		{D39B0439-B7FC-4A9D-9441-8DA5E56E76BD}.Release|Any CPU.ActiveCfg = Release|Any CPU
		{D39B0439-B7FC-4A9D-9441-8DA5E56E76BD}.Release|Any CPU.Build.0 = Release|Any CPU
		{B925F16E-678C-4351-B37F-AF2089407197}.Debug|Any CPU.ActiveCfg = Debug|Any CPU
		{B925F16E-678C-4351-B37F-AF2089407197}.Debug|Any CPU.Build.0 = Debug|Any CPU
		{B925F16E-678C-4351-B37F-AF2089407197}.Release|Any CPU.ActiveCfg = Release|Any CPU
		{B925F16E-678C-4351-B37F-AF2089407197}.Release|Any CPU.Build.0 = Release|Any CPU
		{D13EE905-5676-4241-8B02-E2A84DE898ED}.Debug|Any CPU.ActiveCfg = Debug|Any CPU
		{D13EE905-5676-4241-8B02-E2A84DE898ED}.Debug|Any CPU.Build.0 = Debug|Any CPU
		{D13EE905-5676-4241-8B02-E2A84DE898ED}.Release|Any CPU.ActiveCfg = Release|Any CPU
		{D13EE905-5676-4241-8B02-E2A84DE898ED}.Release|Any CPU.Build.0 = Release|Any CPU
	EndGlobalSection
	GlobalSection(SolutionProperties) = preSolution
		HideSolutionNode = FALSE
	EndGlobalSection
	GlobalSection(ExtensibilityGlobals) = postSolution
		SolutionGuid = {903EF873-85D3-420C-9C3E-EAE66DC08E2A}
	EndGlobalSection
EndGlobal
